
Microsoft Visual Studio Solution File, Format Version 12.00
# Visual Studio 15
VisualStudioVersion = 15.0.27703.2047
MinimumVisualStudioVersion = 10.0.40219.1
Project("{9A19103F-16F7-4668-BE54-9A1E7A4F7556}") = "RoomWorld", "RoomWorld\RoomWorld.csproj", "{5D5F0CE9-ECE5-4A84-91B1-CF137972070C}"
EndProject
Project("{9A19103F-16F7-4668-BE54-9A1E7A4F7556}") = "Data", "Data\Data.csproj", "{DB2193AC-E72C-4F3B-A8FF-7FC1B4DA4391}"
EndProject
Project("{9A19103F-16F7-4668-BE54-9A1E7A4F7556}") = "Repository", "Repository\Repository.csproj", "{326241E4-2212-4FE8-B678-4E6ED6163FC8}"
EndProject
Project("{9A19103F-16F7-4668-BE54-9A1E7A4F7556}") = "Service", "Service\Service.csproj", "{79BEBAF1-FA08-4310-81A0-229524B254DB}"
EndProject
Global
	GlobalSection(SolutionConfigurationPlatforms) = preSolution
		Debug|Any CPU = Debug|Any CPU
		Release|Any CPU = Release|Any CPU
	EndGlobalSection
	GlobalSection(ProjectConfigurationPlatforms) = postSolution
		{5D5F0CE9-ECE5-4A84-91B1-CF137972070C}.Debug|Any CPU.ActiveCfg = Debug|Any CPU
		{5D5F0CE9-ECE5-4A84-91B1-CF137972070C}.Debug|Any CPU.Build.0 = Debug|Any CPU
		{5D5F0CE9-ECE5-4A84-91B1-CF137972070C}.Release|Any CPU.ActiveCfg = Release|Any CPU
		{5D5F0CE9-ECE5-4A84-91B1-CF137972070C}.Release|Any CPU.Build.0 = Release|Any CPU
		{DB2193AC-E72C-4F3B-A8FF-7FC1B4DA4391}.Debug|Any CPU.ActiveCfg = Debug|Any CPU
		{DB2193AC-E72C-4F3B-A8FF-7FC1B4DA4391}.Debug|Any CPU.Build.0 = Debug|Any CPU
		{DB2193AC-E72C-4F3B-A8FF-7FC1B4DA4391}.Release|Any CPU.ActiveCfg = Release|Any CPU
		{DB2193AC-E72C-4F3B-A8FF-7FC1B4DA4391}.Release|Any CPU.Build.0 = Release|Any CPU
		{326241E4-2212-4FE8-B678-4E6ED6163FC8}.Debug|Any CPU.ActiveCfg = Debug|Any CPU
		{326241E4-2212-4FE8-B678-4E6ED6163FC8}.Debug|Any CPU.Build.0 = Debug|Any CPU
		{326241E4-2212-4FE8-B678-4E6ED6163FC8}.Release|Any CPU.ActiveCfg = Release|Any CPU
		{326241E4-2212-4FE8-B678-4E6ED6163FC8}.Release|Any CPU.Build.0 = Release|Any CPU
		{79BEBAF1-FA08-4310-81A0-229524B254DB}.Debug|Any CPU.ActiveCfg = Debug|Any CPU
		{79BEBAF1-FA08-4310-81A0-229524B254DB}.Debug|Any CPU.Build.0 = Debug|Any CPU
		{79BEBAF1-FA08-4310-81A0-229524B254DB}.Release|Any CPU.ActiveCfg = Release|Any CPU
		{79BEBAF1-FA08-4310-81A0-229524B254DB}.Release|Any CPU.Build.0 = Release|Any CPU
	EndGlobalSection
	GlobalSection(SolutionProperties) = preSolution
		HideSolutionNode = FALSE
	EndGlobalSection
	GlobalSection(ExtensibilityGlobals) = postSolution
		SolutionGuid = {7E65B794-F6F0-4304-BDC6-ED2A0290216C}
	EndGlobalSection
EndGlobal
